{
  "name": "babyanimal-clicky-game",
  "version": "0.1.0",
  "lockfileVersion": 1,
  "requires": true,
  "dependencies": {
    "react-alert": {
      "version": "4.0.4",
      "resolved": "https://registry.npmjs.org/react-alert/-/react-alert-4.0.4.tgz",
      "integrity": "sha512-PYy+FXrgp+WziSVO8t4DRpDVRP4g5jLBHrSpEYMGKmosEG2+Tjcevwwzic3znOwVLpBVlbDH9w2L2yyQOGJuIA=="
    }
  }
}
